
Microsoft Visual Studio Solution File, Format Version 12.00
# Visual Studio 15
VisualStudioVersion = 15.0.28307.168
MinimumVisualStudioVersion = 10.0.40219.1
Project("{FAE04EC0-301F-11D3-BF4B-00C04F79EFBC}") = "TicketBooking", "TicketBooking\TicketBooking.csproj", "{87619310-39FC-4BD3-BB8E-8C281BF09EB1}"
EndProject
Project("{FAE04EC0-301F-11D3-BF4B-00C04F79EFBC}") = "TicketBooking.Domain", "TicketBooking.Domain\TicketBooking.Domain.csproj", "{E8547903-9298-408E-9A04-2C2844FC76C8}"
EndProject
Global
	GlobalSection(SolutionConfigurationPlatforms) = preSolution
		Debug|Any CPU = Debug|Any CPU
		Release|Any CPU = Release|Any CPU
	EndGlobalSection
	GlobalSection(ProjectConfigurationPlatforms) = postSolution
		{87619310-39FC-4BD3-BB8E-8C281BF09EB1}.Debug|Any CPU.ActiveCfg = Debug|Any CPU
		{87619310-39FC-4BD3-BB8E-8C281BF09EB1}.Debug|Any CPU.Build.0 = Debug|Any CPU
		{87619310-39FC-4BD3-BB8E-8C281BF09EB1}.Release|Any CPU.ActiveCfg = Release|Any CPU
		{87619310-39FC-4BD3-BB8E-8C281BF09EB1}.Release|Any CPU.Build.0 = Release|Any CPU
		{E8547903-9298-408E-9A04-2C2844FC76C8}.Debug|Any CPU.ActiveCfg = Debug|Any CPU
		{E8547903-9298-408E-9A04-2C2844FC76C8}.Debug|Any CPU.Build.0 = Debug|Any CPU
		{E8547903-9298-408E-9A04-2C2844FC76C8}.Release|Any CPU.ActiveCfg = Release|Any CPU
		{E8547903-9298-408E-9A04-2C2844FC76C8}.Release|Any CPU.Build.0 = Release|Any CPU
	EndGlobalSection
	GlobalSection(SolutionProperties) = preSolution
		HideSolutionNode = FALSE
	EndGlobalSection
	GlobalSection(ExtensibilityGlobals) = postSolution
		SolutionGuid = {904BACDB-1D89-46A8-B463-D9DB9EA38556}
	EndGlobalSection
EndGlobal
